
Microsoft Visual Studio Solution File, Format Version 12.00
# Visual Studio Version 16
VisualStudioVersion = 16.0.30011.22
MinimumVisualStudioVersion = 10.0.40219.1
Project("{FAE04EC0-301F-11D3-BF4B-00C04F79EFBC}") = "Convolution", "Convolution\Convolution.csproj", "{3C564E36-DD43-4F30-875E-0CC9A7187195}"
EndProject
Global
	GlobalSection(SolutionConfigurationPlatforms) = preSolution
		Debug|Any CPU = Debug|Any CPU
		Release|Any CPU = Release|Any CPU
	EndGlobalSection
	GlobalSection(ProjectConfigurationPlatforms) = postSolution
		{3C564E36-DD43-4F30-875E-0CC9A7187195}.Debug|Any CPU.ActiveCfg = Debug|Any CPU
		{3C564E36-DD43-4F30-875E-0CC9A7187195}.Debug|Any CPU.Build.0 = Debug|Any CPU
		{3C564E36-DD43-4F30-875E-0CC9A7187195}.Release|Any CPU.ActiveCfg = Release|Any CPU
		{3C564E36-DD43-4F30-875E-0CC9A7187195}.Release|Any CPU.Build.0 = Release|Any CPU
	EndGlobalSection
	GlobalSection(SolutionProperties) = preSolution
		HideSolutionNode = FALSE
	EndGlobalSection
	GlobalSection(ExtensibilityGlobals) = postSolution
		SolutionGuid = {DC1799BB-803A-4006-B2BD-3F7B117A1654}
	EndGlobalSection
EndGlobal
